// !$*UTF8*$!
{
	archiveVersion = 1;
	classes = {
	};
	objectVersion = 48;
	objects = {

/* Begin PBXBuildFile section */
		1F93AADF1F35319000F9AAC1 /* AppDelegate.swift in Sources */ = {isa = PBXBuildFile; fileRef = 1F93AADE1F35319000F9AAC1 /* AppDelegate.swift */; };
		1F93AAE11F35319000F9AAC1 /* ViewController.swift in Sources */ = {isa = PBXBuildFile; fileRef = 1F93AAE01F35319000F9AAC1 /* ViewController.swift */; };
		1F93AAE41F35319000F9AAC1 /* Main.storyboard in Resources */ = {isa = PBXBuildFile; fileRef = 1F93AAE21F35319000F9AAC1 /* Main.storyboard */; };
		1F93AAE61F35319000F9AAC1 /* Assets.xcassets in Resources */ = {isa = PBXBuildFile; fileRef = 1F93AAE51F35319000F9AAC1 /* Assets.xcassets */; };
		1F93AAE91F35319000F9AAC1 /* LaunchScreen.storyboard in Resources */ = {isa = PBXBuildFile; fileRef = 1F93AAE71F35319000F9AAC1 /* LaunchScreen.storyboard */; };
		1F93AAF41F35319000F9AAC1 /* TipCalculatorTests.swift in Sources */ = {isa = PBXBuildFile; fileRef = 1F93AAF31F35319000F9AAC1 /* TipCalculatorTests.swift */; };
		1F93AAFF1F35319000F9AAC1 /* TipCalculatorUITests.swift in Sources */ = {isa = PBXBuildFile; fileRef = 1F93AAFE1F35319000F9AAC1 /* TipCalculatorUITests.swift */; };
/* End PBXBuildFile section */

/* Begin PBXContainerItemProxy section */
		1F93AAF01F35319000F9AAC1 /* PBXContainerItemProxy */ = {
			isa = PBXContainerItemProxy;
			containerPortal = 1F93AAD31F35319000F9AAC1 /* Project object */;
			proxyType = 1;
			remoteGlobalIDString = 1F93AADA1F35319000F9AAC1;
			remoteInfo = TipCalculator;
		};
		1F93AAFB1F35319000F9AAC1 /* PBXContainerItemProxy */ = {
			isa = PBXContainerItemProxy;
			containerPortal = 1F93AAD31F35319000F9AAC1 /* Project object */;
			proxyType = 1;
			remoteGlobalIDString = 1F93AADA1F35319000F9AAC1;
			remoteInfo = TipCalculator;
		};
/* End PBXContainerItemProxy section */

/* Begin PBXFileReference section */
		1F93AADB1F35319000F9AAC1 /* TipCalculator.app */ = {isa = PBXFileReference; explicitFileType = wrapper.application; includeInIndex = 0; path = TipCalculator.app; sourceTree = BUILT_PRODUCTS_DIR; };
		1F93AADE1F35319000F9AAC1 /* AppDelegate.swift */ = {isa = PBXFileReference; lastKnownFileType = sourcecode.swift; path = AppDelegate.swift; sourceTree = "<group>"; };
		1F93AAE01F35319000F9AAC1 /* ViewController.swift */ = {isa = PBXFileReference; lastKnownFileType = sourcecode.swift; path = ViewController.swift; sourceTree = "<group>"; };
		1F93AAE31F35319000F9AAC1 /* Base */ = {isa = PBXFileReference; lastKnownFileType = file.storyboard; name = Base; path = Base.lproj/Main.storyboard; sourceTree = "<group>"; };
		1F93AAE51F35319000F9AAC1 /* Assets.xcassets */ = {isa = PBXFileReference; lastKnownFileType = folder.assetcatalog; path = Assets.xcassets; sourceTree = "<group>"; };
		1F93AAE81F35319000F9AAC1 /* Base */ = {isa = PBXFileReference; lastKnownFileType = file.storyboard; name = Base; path = Base.lproj/LaunchScreen.storyboard; sourceTree = "<group>"; };
		1F93AAEA1F35319000F9AAC1 /* Info.plist */ = {isa = PBXFileReference; lastKnownFileType = text.plist.xml; path = Info.plist; sourceTree = "<group>"; };
		1F93AAEF1F35319000F9AAC1 /* TipCalculatorTests.xctest */ = {isa = PBXFileReference; explicitFileType = wrapper.cfbundle; includeInIndex = 0; path = TipCalculatorTests.xctest; sourceTree = BUILT_PRODUCTS_DIR; };
		1F93AAF31F35319000F9AAC1 /* TipCalculatorTests.swift */ = {isa = PBXFileReference; lastKnownFileType = sourcecode.swift; path = TipCalculatorTests.swift; sourceTree = "<group>"; };
		1F93AAF51F35319000F9AAC1 /* Info.plist */ = {isa = PBXFileReference; lastKnownFileType = text.plist.xml; path = Info.plist; sourceTree = "<group>"; };
		1F93AAFA1F35319000F9AAC1 /* TipCalculatorUITests.xctest */ = {isa = PBXFileReference; explicitFileType = wrapper.cfbundle; includeInIndex = 0; path = TipCalculatorUITests.xctest; sourceTree = BUILT_PRODUCTS_DIR; };
		1F93AAFE1F35319000F9AAC1 /* TipCalculatorUITests.swift */ = {isa = PBXFileReference; lastKnownFileType = sourcecode.swift; path = TipCalculatorUITests.swift; sourceTree = "<group>"; };
		1F93AB001F35319000F9AAC1 /* Info.plist */ = {isa = PBXFileReference; lastKnownFileType = text.plist.xml; path = Info.plist; sourceTree = "<group>"; };
/* End PBXFileReference section */

/* Begin PBXFrameworksBuildPhase section */
		1F93AAD81F35319000F9AAC1 /* Frameworks */ = {
			isa = PBXFrameworksBuildPhase;
			buildActionMask = 2147483647;
			files = (
			);
			runOnlyForDeploymentPostprocessing = 0;
		};
		1F93AAEC1F35319000F9AAC1 /* Frameworks */ = {
			isa = PBXFrameworksBuildPhase;
			buildActionMask = 2147483647;
			files = (
			);
			runOnlyForDeploymentPostprocessing = 0;
		};
		1F93AAF71F35319000F9AAC1 /* Frameworks */ = {
			isa = PBXFrameworksBuildPhase;
			buildActionMask = 2147483647;
			files = (
			);
			runOnlyForDeploymentPostprocessing = 0;
		};
/* End PBXFrameworksBuildPhase section */

/* Begin PBXGroup section */
		1F93AAD21F35319000F9AAC1 = {
			isa = PBXGroup;
			children = (
				1F93AADD1F35319000F9AAC1 /* TipCalculator */,
				1F93AAF21F35319000F9AAC1 /* TipCalculatorTests */,
				1F93AAFD1F35319000F9AAC1 /* TipCalculatorUITests */,
				1F93AADC1F35319000F9AAC1 /* Products */,
			);
			sourceTree = "<group>";
		};
		1F93AADC1F35319000F9AAC1 /* Products */ = {
			isa = PBXGroup;
			children = (
				1F93AADB1F35319000F9AAC1 /* TipCalculator.app */,
				1F93AAEF1F35319000F9AAC1 /* TipCalculatorTests.xctest */,
				1F93AAFA1F35319000F9AAC1 /* TipCalculatorUITests.xctest */,
			);
			name = Products;
			sourceTree = "<group>";
		};
		1F93AADD1F35319000F9AAC1 /* TipCalculator */ = {
			isa = PBXGroup;
			children = (
				1F93AADE1F35319000F9AAC1 /* AppDelegate.swift */,
				1F93AAE01F35319000F9AAC1 /* ViewController.swift */,
				1F93AAE21F35319000F9AAC1 /* Main.storyboard */,
				1F93AAE51F35319000F9AAC1 /* Assets.xcassets */,
				1F93AAE71F35319000F9AAC1 /* LaunchScreen.storyboard */,
				1F93AAEA1F35319000F9AAC1 /* Info.plist */,
			);
			path = TipCalculator;
			sourceTree = "<group>";
		};
		1F93AAF21F35319000F9AAC1 /* TipCalculatorTests */ = {
			isa = PBXGroup;
			children = (
				1F93AAF31F35319000F9AAC1 /* TipCalculatorTests.swift */,
				1F93AAF51F35319000F9AAC1 /* Info.plist */,
			);
			path = TipCalculatorTests;
			sourceTree = "<group>";
		};
		1F93AAFD1F35319000F9AAC1 /* TipCalculatorUITests */ = {
			isa = PBXGroup;
			children = (
				1F93AAFE1F35319000F9AAC1 /* TipCalculatorUITests.swift */,
				1F93AB001F35319000F9AAC1 /* Info.plist */,
			);
			path = TipCalculatorUITests;
			sourceTree = "<group>";
		};
/* End PBXGroup section */

/* Begin PBXNativeTarget section */
		1F93AADA1F35319000F9AAC1 /* TipCalculator */ = {
			isa = PBXNativeTarget;
			buildConfigurationList = 1F93AB031F35319000F9AAC1 /* Build configuration list for PBXNativeTarget "TipCalculator" */;
			buildPhases = (
				1F93AAD71F35319000F9AAC1 /* Sources */,
				1F93AAD81F35319000F9AAC1 /* Frameworks */,
				1F93AAD91F35319000F9AAC1 /* Resources */,
			);
			buildRules = (
			);
			dependencies = (
			);
			name = TipCalculator;
			productName = TipCalculator;
			productReference = 1F93AADB1F35319000F9AAC1 /* TipCalculator.app */;
			productType = "com.apple.product-type.application";
		};
		1F93AAEE1F35319000F9AAC1 /* TipCalculatorTests */ = {
			isa = PBXNativeTarget;
			buildConfigurationList = 1F93AB061F35319000F9AAC1 /* Build configuration list for PBXNativeTarget "TipCalculatorTests" */;
			buildPhases = (
				1F93AAEB1F35319000F9AAC1 /* Sources */,
				1F93AAEC1F35319000F9AAC1 /* Frameworks */,
				1F93AAED1F35319000F9AAC1 /* Resources */,
			);
			buildRules = (
			);
			dependencies = (
				1F93AAF11F35319000F9AAC1 /* PBXTargetDependency */,
			);
			name = TipCalculatorTests;
			productName = TipCalculatorTests;
			productReference = 1F93AAEF1F35319000F9AAC1 /* TipCalculatorTests.xctest */;
			productType = "com.apple.product-type.bundle.unit-test";
		};
		1F93AAF91F35319000F9AAC1 /* TipCalculatorUITests */ = {
			isa = PBXNativeTarget;
			buildConfigurationList = 1F93AB091F35319000F9AAC1 /* Build configuration list for PBXNativeTarget "TipCalculatorUITests" */;
			buildPhases = (
				1F93AAF61F35319000F9AAC1 /* Sources */,
				1F93AAF71F35319000F9AAC1 /* Frameworks */,
				1F93AAF81F35319000F9AAC1 /* Resources */,
			);
			buildRules = (
			);
			dependencies = (
				1F93AAFC1F35319000F9AAC1 /* PBXTargetDependency */,
			);
			name = TipCalculatorUITests;
			productName = TipCalculatorUITests;
			productReference = 1F93AAFA1F35319000F9AAC1 /* TipCalculatorUITests.xctest */;
			productType = "com.apple.product-type.bundle.ui-testing";
		};
/* End PBXNativeTarget section */

/* Begin PBXProject section */
		1F93AAD31F35319000F9AAC1 /* Project object */ = {
			isa = PBXProject;
			attributes = {
				LastSwiftUpdateCheck = 0900;
				LastUpgradeCheck = 0900;
				ORGANIZATIONNAME = "Maria Notohusodo";
				TargetAttributes = {
					1F93AADA1F35319000F9AAC1 = {
						CreatedOnToolsVersion = 9.0;
					};
					1F93AAEE1F35319000F9AAC1 = {
						CreatedOnToolsVersion = 9.0;
						TestTargetID = 1F93AADA1F35319000F9AAC1;
					};
					1F93AAF91F35319000F9AAC1 = {
						CreatedOnToolsVersion = 9.0;
						TestTargetID = 1F93AADA1F35319000F9AAC1;
					};
				};
			};
			buildConfigurationList = 1F93AAD61F35319000F9AAC1 /* Build configuration list for PBXProject "TipCalculator" */;
			compatibilityVersion = "Xcode 8.0";
			developmentRegion = en;
			hasScannedForEncodings = 0;
			knownRegions = (
				en,
				Base,
			);
			mainGroup = 1F93AAD21F35319000F9AAC1;
			productRefGroup = 1F93AADC1F35319000F9AAC1 /* Products */;
			projectDirPath = "";
			projectRoot = "";
			targets = (
				1F93AADA1F35319000F9AAC1 /* TipCalculator */,
				1F93AAEE1F35319000F9AAC1 /* TipCalculatorTests */,
				1F93AAF91F35319000F9AAC1 /* TipCalculatorUITests */,
			);
		};
/* End PBXProject section */

/* Begin PBXResourcesBuildPhase section */
		1F93AAD91F35319000F9AAC1 /* Resources */ = {
			isa = PBXResourcesBuildPhase;
			buildActionMask = 2147483647;
			files = (
				1F93AAE91F35319000F9AAC1 /* LaunchScreen.storyboard in Resources */,
				1F93AAE61F35319000F9AAC1 /* Assets.xcassets in Resources */,
				1F93AAE41F35319000F9AAC1 /* Main.storyboard in Resources */,
			);
			runOnlyForDeploymentPostprocessing = 0;
		};
		1F93AAED1F35319000F9AAC1 /* Resources */ = {
			isa = PBXResourcesBuildPhase;
			buildActionMask = 2147483647;
			files = (
			);
			runOnlyForDeploymentPostprocessing = 0;
		};
		1F93AAF81F35319000F9AAC1 /* Resources */ = {
			isa = PBXResourcesBuildPhase;
			buildActionMask = 2147483647;
			files = (
			);
			runOnlyForDeploymentPostprocessing = 0;
		};
/* End PBXResourcesBuildPhase section */

/* Begin PBXSourcesBuildPhase section */
		1F93AAD71F35319000F9AAC1 /* Sources */ = {
			isa = PBXSourcesBuildPhase;
			buildActionMask = 2147483647;
			files = (
				1F93AAE11F35319000F9AAC1 /* ViewController.swift in Sources */,
				1F93AADF1F35319000F9AAC1 /* AppDelegate.swift in Sources */,
			);
			runOnlyForDeploymentPostprocessing = 0;
		};
		1F93AAEB1F35319000F9AAC1 /* Sources */ = {
			isa = PBXSourcesBuildPhase;
			buildActionMask = 2147483647;
			files = (
				1F93AAF41F35319000F9AAC1 /* TipCalculatorTests.swift in Sources */,
			);
			runOnlyForDeploymentPostprocessing = 0;
		};
		1F93AAF61F35319000F9AAC1 /* Sources */ = {
			isa = PBXSourcesBuildPhase;
			buildActionMask = 2147483647;
			files = (
				1F93AAFF1F35319000F9AAC1 /* TipCalculatorUITests.swift in Sources */,
			);
			runOnlyForDeploymentPostprocessing = 0;
		};
/* End PBXSourcesBuildPhase section */

/* Begin PBXTargetDependency section */
		1F93AAF11F35319000F9AAC1 /* PBXTargetDependency */ = {
			isa = PBXTargetDependency;
			target = 1F93AADA1F35319000F9AAC1 /* TipCalculator */;
			targetProxy = 1F93AAF01F35319000F9AAC1 /* PBXContainerItemProxy */;
		};
		1F93AAFC1F35319000F9AAC1 /* PBXTargetDependency */ = {
			isa = PBXTargetDependency;
			target = 1F93AADA1F35319000F9AAC1 /* TipCalculator */;
			targetProxy = 1F93AAFB1F35319000F9AAC1 /* PBXContainerItemProxy */;
		};
/* End PBXTargetDependency section */

/* Begin PBXVariantGroup section */
		1F93AAE21F35319000F9AAC1 /* Main.storyboard */ = {
			isa = PBXVariantGroup;
			children = (
				1F93AAE31F35319000F9AAC1 /* Base */,
			);
			name = Main.storyboard;
			sourceTree = "<group>";
		};
		1F93AAE71F35319000F9AAC1 /* LaunchScreen.storyboard */ = {
			isa = PBXVariantGroup;
			children = (
				1F93AAE81F35319000F9AAC1 /* Base */,
			);
			name = LaunchScreen.storyboard;
			sourceTree = "<group>";
		};
/* End PBXVariantGroup section */

/* Begin XCBuildConfiguration section */
		1F93AB011F35319000F9AAC1 /* Debug */ = {
			isa = XCBuildConfiguration;
			buildSettings = {
				ALWAYS_SEARCH_USER_PATHS = NO;
				CLANG_ANALYZER_NONNULL = YES;
				CLANG_ANALYZER_NUMBER_OBJECT_CONVERSION = YES_AGGRESSIVE;
				CLANG_CXX_LANGUAGE_STANDARD = "gnu++14";
				CLANG_CXX_LIBRARY = "libc++";
				CLANG_ENABLE_MODULES = YES;
				CLANG_ENABLE_OBJC_ARC = YES;
				CLANG_WARN_BLOCK_CAPTURE_AUTORELEASING = YES;
				CLANG_WARN_BOOL_CONVERSION = YES;
				CLANG_WARN_COMMA = YES;
				CLANG_WARN_CONSTANT_CONVERSION = YES;
				CLANG_WARN_DIRECT_OBJC_ISA_USAGE = YES_ERROR;
				CLANG_WARN_DOCUMENTATION_COMMENTS = YES;
				CLANG_WARN_EMPTY_BODY = YES;
				CLANG_WARN_ENUM_CONVERSION = YES;
				CLANG_WARN_INFINITE_RECURSION = YES;
				CLANG_WARN_INT_CONVERSION = YES;
				CLANG_WARN_OBJC_ROOT_CLASS = YES_ERROR;
				CLANG_WARN_RANGE_LOOP_ANALYSIS = YES;
				CLANG_WARN_STRICT_PROTOTYPES = YES;
				CLANG_WARN_SUSPICIOUS_MOVE = YES;
				CLANG_WARN_UNGUARDED_AVAILABILITY = YES_AGGRESSIVE;
				CLANG_WARN_UNREACHABLE_CODE = YES;
				CLANG_WARN__DUPLICATE_METHOD_MATCH = YES;
				CODE_SIGN_IDENTITY = "iPhone Developer";
				COPY_PHASE_STRIP = NO;
				DEBUG_INFORMATION_FORMAT = dwarf;
				ENABLE_STRICT_OBJC_MSGSEND = YES;
				ENABLE_TESTABILITY = YES;
				GCC_C_LANGUAGE_STANDARD = gnu11;
				GCC_DYNAMIC_NO_PIC = NO;
				GCC_NO_COMMON_BLOCKS = YES;
				GCC_OPTIMIZATION_LEVEL = 0;
				GCC_PREPROCESSOR_DEFINITIONS = (
					"DEBUG=1",
					"$(inherited)",
				);
				GCC_WARN_64_TO_32_BIT_CONVERSION = YES;
				GCC_WARN_ABOUT_RETURN_TYPE = YES_ERROR;
				GCC_WARN_UNDECLARED_SELECTOR = YES;
				GCC_WARN_UNINITIALIZED_AUTOS = YES_AGGRESSIVE;
				GCC_WARN_UNUSED_FUNCTION = YES;
				GCC_WARN_UNUSED_VARIABLE = YES;
				IPHONEOS_DEPLOYMENT_TARGET = 11.0;
				MTL_ENABLE_DEBUG_INFO = YES;
				ONLY_ACTIVE_ARCH = YES;
				SDKROOT = iphoneos;
				SWIFT_ACTIVE_COMPILATION_CONDITIONS = DEBUG;
				SWIFT_OPTIMIZATION_LEVEL = "-Onone";
			};
			name = Debug;
		};
		1F93AB021F35319000F9AAC1 /* Release */ = {
			isa = XCBuildConfiguration;
			buildSettings = {
				ALWAYS_SEARCH_USER_PATHS = NO;
				CLANG_ANALYZER_NONNULL = YES;
				CLANG_ANALYZER_NUMBER_OBJECT_CONVERSION = YES_AGGRESSIVE;
				CLANG_CXX_LANGUAGE_STANDARD = "gnu++14";
				CLANG_CXX_LIBRARY = "libc++";
				CLANG_ENABLE_MODULES = YES;
				CLANG_ENABLE_OBJC_ARC = YES;
				CLANG_WARN_BLOCK_CAPTURE_AUTORELEASING = YES;
				CLANG_WARN_BOOL_CONVERSION = YES;
				CLANG_WARN_COMMA = YES;
				CLANG_WARN_CONSTANT_CONVERSION = YES;
				CLANG_WARN_DIRECT_OBJC_ISA_USAGE = YES_ERROR;
				CLANG_WARN_DOCUMENTATION_COMMENTS = YES;
				CLANG_WARN_EMPTY_BODY = YES;
				CLANG_WARN_ENUM_CONVERSION = YES;
				CLANG_WARN_INFINITE_RECURSION = YES;
				CLANG_WARN_INT_CONVERSION = YES;
				CLANG_WARN_OBJC_ROOT_CLASS = YES_ERROR;
				CLANG_WARN_RANGE_LOOP_ANALYSIS = YES;
				CLANG_WARN_STRICT_PROTOTYPES = YES;
				CLANG_WARN_SUSPICIOUS_MOVE = YES;
				CLANG_WARN_UNGUARDED_AVAILABILITY = YES_AGGRESSIVE;
				CLANG_WARN_UNREACHABLE_CODE = YES;
				CLANG_WARN__DUPLICATE_METHOD_MATCH = YES;
				CODE_SIGN_IDENTITY = "iPhone Developer";
				COPY_PHASE_STRIP = NO;
				DEBUG_INFORMATION_FORMAT = "dwarf-with-dsym";
				ENABLE_NS_ASSERTIONS = NO;
				ENABLE_STRICT_OBJC_MSGSEND = YES;
				GCC_C_LANGUAGE_STANDARD = gnu11;
				GCC_NO_COMMON_BLOCKS = YES;
				GCC_WARN_64_TO_32_BIT_CONVERSION = YES;
				GCC_WARN_ABOUT_RETURN_TYPE = YES_ERROR;
				GCC_WARN_UNDECLARED_SELECTOR = YES;
				GCC_WARN_UNINITIALIZED_AUTOS = YES_AGGRESSIVE;
				GCC_WARN_UNUSED_FUNCTION = YES;
				GCC_WARN_UNUSED_VARIABLE = YES;
				IPHONEOS_DEPLOYMENT_TARGET = 11.0;
				MTL_ENABLE_DEBUG_INFO = NO;
				SDKROOT = iphoneos;
				SWIFT_OPTIMIZATION_LEVEL = "-Owholemodule";
				VALIDATE_PRODUCT = YES;
			};
			name = Release;
		};
		1F93AB041F35319000F9AAC1 /* Debug */ = {
			isa = XCBuildConfiguration;
			buildSettings = {
				ASSETCATALOG_COMPILER_APPICON_NAME = AppIcon;
				DEVELOPMENT_TEAM = GV5NSX7P6V;
				INFOPLIST_FILE = TipCalculator/Info.plist;
				LD_RUNPATH_SEARCH_PATHS = "$(inherited) @executable_path/Frameworks";
				PRODUCT_BUNDLE_IDENTIFIER = com.marianoto.TipCalculator;
				PRODUCT_NAME = "$(TARGET_NAME)";
				SWIFT_VERSION = 4.0;
				TARGETED_DEVICE_FAMILY = "1,2";
			};
			name = Debug;
		};
		1F93AB051F35319000F9AAC1 /* Release */ = {
			isa = XCBuildConfiguration;
			buildSettings = {
				ASSETCATALOG_COMPILER_APPICON_NAME = AppIcon;
				DEVELOPMENT_TEAM = GV5NSX7P6V;
				INFOPLIST_FILE = TipCalculator/Info.plist;
				LD_RUNPATH_SEARCH_PATHS = "$(inherited) @executable_path/Frameworks";
				PRODUCT_BUNDLE_IDENTIFIER = com.marianoto.TipCalculator;
				PRODUCT_NAME = "$(TARGET_NAME)";
				SWIFT_VERSION = 4.0;
				TARGETED_DEVICE_FAMILY = "1,2";
			};
			name = Release;
		};
		1F93AB071F35319000F9AAC1 /* Debug */ = {
			isa = XCBuildConfiguration;
			buildSettings = {
				ALWAYS_EMBED_SWIFT_STANDARD_LIBRARIES = YES;
				BUNDLE_LOADER = "$(TEST_HOST)";
				DEVELOPMENT_TEAM = GV5NSX7P6V;
				INFOPLIST_FILE = TipCalculatorTests/Info.plist;
				LD_RUNPATH_SEARCH_PATHS = "$(inherited) @executable_path/Frameworks @loader_path/Frameworks";
				PRODUCT_BUNDLE_IDENTIFIER = com.marianoto.TipCalculatorTests;
				PRODUCT_NAME = "$(TARGET_NAME)";
				SWIFT_VERSION = 4.0;
				TARGETED_DEVICE_FAMILY = "1,2";
				TEST_HOST = "$(BUILT_PRODUCTS_DIR)/TipCalculator.app/TipCalculator";
			};
			name = Debug;
		};
		1F93AB081F35319000F9AAC1 /* Release */ = {
			isa = XCBuildConfiguration;
			buildSettings = {
				ALWAYS_EMBED_SWIFT_STANDARD_LIBRARIES = YES;
				BUNDLE_LOADER = "$(TEST_HOST)";
				DEVELOPMENT_TEAM = GV5NSX7P6V;
				INFOPLIST_FILE = TipCalculatorTests/Info.plist;
				LD_RUNPATH_SEARCH_PATHS = "$(inherited) @executable_path/Frameworks @loader_path/Frameworks";
				PRODUCT_BUNDLE_IDENTIFIER = com.marianoto.TipCalculatorTests;
				PRODUCT_NAME = "$(TARGET_NAME)";
				SWIFT_VERSION = 4.0;
				TARGETED_DEVICE_FAMILY = "1,2";
				TEST_HOST = "$(BUILT_PRODUCTS_DIR)/TipCalculator.app/TipCalculator";
			};
			name = Release;
		};
		1F93AB0A1F35319000F9AAC1 /* Debug */ = {
			isa = XCBuildConfiguration;
			buildSettings = {
				ALWAYS_EMBED_SWIFT_STANDARD_LIBRARIES = YES;
				DEVELOPMENT_TEAM = GV5NSX7P6V;
				INFOPLIST_FILE = TipCalculatorUITests/Info.plist;
				LD_RUNPATH_SEARCH_PATHS = "$(inherited) @executable_path/Frameworks @loader_path/Frameworks";
				PRODUCT_BUNDLE_IDENTIFIER = com.marianoto.TipCalculatorUITests;
				PRODUCT_NAME = "$(TARGET_NAME)";
				SWIFT_VERSION = 4.0;
				TARGETED_DEVICE_FAMILY = "1,2";
				TEST_TARGET_NAME = TipCalculator;
			};
			name = Debug;
		};
		1F93AB0B1F35319000F9AAC1 /* Release */ = {
			isa = XCBuildConfiguration;
			buildSettings = {
				ALWAYS_EMBED_SWIFT_STANDARD_LIBRARIES = YES;
				DEVELOPMENT_TEAM = GV5NSX7P6V;
				INFOPLIST_FILE = TipCalculatorUITests/Info.plist;
				LD_RUNPATH_SEARCH_PATHS = "$(inherited) @executable_path/Frameworks @loader_path/Frameworks";
				PRODUCT_BUNDLE_IDENTIFIER = com.marianoto.TipCalculatorUITests;
				PRODUCT_NAME = "$(TARGET_NAME)";
				SWIFT_VERSION = 4.0;
				TARGETED_DEVICE_FAMILY = "1,2";
				TEST_TARGET_NAME = TipCalculator;
			};
			name = Release;
		};
/* End XCBuildConfiguration section */

/* Begin XCConfigurationList section */
		1F93AAD61F35319000F9AAC1 /* Build configuration list for PBXProject "TipCalculator" */ = {
			isa = XCConfigurationList;
			buildConfigurations = (
				1F93AB011F35319000F9AAC1 /* Debug */,
				1F93AB021F35319000F9AAC1 /* Release */,
			);
			defaultConfigurationIsVisible = 0;
			defaultConfigurationName = Release;
		};
		1F93AB031F35319000F9AAC1 /* Build configuration list for PBXNativeTarget "TipCalculator" */ = {
			isa = XCConfigurationList;
			buildConfigurations = (
				1F93AB041F35319000F9AAC1 /* Debug */,
				1F93AB051F35319000F9AAC1 /* Release */,
			);
			defaultConfigurationIsVisible = 0;
		};
		1F93AB061F35319000F9AAC1 /* Build configuration list for PBXNativeTarget "TipCalculatorTests" */ = {
			isa = XCConfigurationList;
			buildConfigurations = (
				1F93AB071F35319000F9AAC1 /* Debug */,
				1F93AB081F35319000F9AAC1 /* Release */,
			);
			defaultConfigurationIsVisible = 0;
		};
		1F93AB091F35319000F9AAC1 /* Build configuration list for PBXNativeTarget "TipCalculatorUITests" */ = {
			isa = XCConfigurationList;
			buildConfigurations = (
				1F93AB0A1F35319000F9AAC1 /* Debug */,
				1F93AB0B1F35319000F9AAC1 /* Release */,
			);
			defaultConfigurationIsVisible = 0;
		};
/* End XCConfigurationList section */
	};
	rootObject = 1F93AAD31F35319000F9AAC1 /* Project object */;
}
